
Microsoft Visual Studio Solution File, Format Version 12.00
# Visual Studio Version 16
VisualStudioVersion = 16.0.31019.35
MinimumVisualStudioVersion = 10.0.40219.1
Project("{9A19103F-16F7-4668-BE54-9A1E7A4F7556}") = "Reusable.DataModels", "Reusable.DataModels\Reusable.DataModels.csproj", "{172ED8E7-BC72-4E3F-940A-469BDBC0E292}"
EndProject
Project("{9A19103F-16F7-4668-BE54-9A1E7A4F7556}") = "Reusable.DataModels.UnitTests", "Reusable.DataModels.UnitTests\Reusable.DataModels.UnitTests.csproj", "{673A854E-3618-4A2B-94ED-CDE5E17EE0D7}"
EndProject
Project("{9A19103F-16F7-4668-BE54-9A1E7A4F7556}") = "Reusable.DataAccess", "Reusable.DataAccess\Reusable.DataAccess.csproj", "{040D7851-E989-4AB8-BD2B-761DA4A7F88D}"
EndProject
Project("{9A19103F-16F7-4668-BE54-9A1E7A4F7556}") = "Reusable.DataAccess.UnitTests", "Reusable.DataAccess.UnitTests\Reusable.DataAccess.UnitTests.csproj", "{542AF22E-DF4A-41F4-A31A-028BBAD7671E}"
EndProject
Project("{9A19103F-16F7-4668-BE54-9A1E7A4F7556}") = "Reusable.DataAccess.IntegrationTests", "Reusable.DataAccess.IntegrationTests\Reusable.DataAccess.IntegrationTests.csproj", "{6A521388-E0F8-46F1-A368-89F3940F579C}"
EndProject
Project("{2150E333-8FDC-42A3-9474-1A3956D46DE8}") = "Solution Items", "Solution Items", "{FE52B68D-75D9-478A-8585-3211C04AB3D0}"
	ProjectSection(SolutionItems) = preProject
		README.md = README.md
	EndProjectSection
EndProject
Global
	GlobalSection(SolutionConfigurationPlatforms) = preSolution
		Debug|Any CPU = Debug|Any CPU
		Debug|x64 = Debug|x64
		Release|Any CPU = Release|Any CPU
		Release|x64 = Release|x64
	EndGlobalSection
	GlobalSection(ProjectConfigurationPlatforms) = postSolution
		{172ED8E7-BC72-4E3F-940A-469BDBC0E292}.Debug|Any CPU.ActiveCfg = Debug|Any CPU
		{172ED8E7-BC72-4E3F-940A-469BDBC0E292}.Debug|Any CPU.Build.0 = Debug|Any CPU
		{172ED8E7-BC72-4E3F-940A-469BDBC0E292}.Debug|x64.ActiveCfg = Debug|x64
		{172ED8E7-BC72-4E3F-940A-469BDBC0E292}.Debug|x64.Build.0 = Debug|x64
		{172ED8E7-BC72-4E3F-940A-469BDBC0E292}.Release|Any CPU.ActiveCfg = Release|Any CPU
		{172ED8E7-BC72-4E3F-940A-469BDBC0E292}.Release|Any CPU.Build.0 = Release|Any CPU
		{172ED8E7-BC72-4E3F-940A-469BDBC0E292}.Release|x64.ActiveCfg = Release|x64
		{172ED8E7-BC72-4E3F-940A-469BDBC0E292}.Release|x64.Build.0 = Release|x64
		{673A854E-3618-4A2B-94ED-CDE5E17EE0D7}.Debug|Any CPU.ActiveCfg = Debug|Any CPU
		{673A854E-3618-4A2B-94ED-CDE5E17EE0D7}.Debug|Any CPU.Build.0 = Debug|Any CPU
		{673A854E-3618-4A2B-94ED-CDE5E17EE0D7}.Debug|x64.ActiveCfg = Debug|x64
		{673A854E-3618-4A2B-94ED-CDE5E17EE0D7}.Debug|x64.Build.0 = Debug|x64
		{673A854E-3618-4A2B-94ED-CDE5E17EE0D7}.Release|Any CPU.ActiveCfg = Release|Any CPU
		{673A854E-3618-4A2B-94ED-CDE5E17EE0D7}.Release|Any CPU.Build.0 = Release|Any CPU
		{673A854E-3618-4A2B-94ED-CDE5E17EE0D7}.Release|x64.ActiveCfg = Release|x64
		{673A854E-3618-4A2B-94ED-CDE5E17EE0D7}.Release|x64.Build.0 = Release|x64
		{040D7851-E989-4AB8-BD2B-761DA4A7F88D}.Debug|Any CPU.ActiveCfg = Debug|Any CPU
		{040D7851-E989-4AB8-BD2B-761DA4A7F88D}.Debug|Any CPU.Build.0 = Debug|Any CPU
		{040D7851-E989-4AB8-BD2B-761DA4A7F88D}.Debug|x64.ActiveCfg = Debug|x64
		{040D7851-E989-4AB8-BD2B-761DA4A7F88D}.Debug|x64.Build.0 = Debug|x64
		{040D7851-E989-4AB8-BD2B-761DA4A7F88D}.Release|Any CPU.ActiveCfg = Release|Any CPU
		{040D7851-E989-4AB8-BD2B-761DA4A7F88D}.Release|Any CPU.Build.0 = Release|Any CPU
		{040D7851-E989-4AB8-BD2B-761DA4A7F88D}.Release|x64.ActiveCfg = Release|x64
		{040D7851-E989-4AB8-BD2B-761DA4A7F88D}.Release|x64.Build.0 = Release|x64
		{542AF22E-DF4A-41F4-A31A-028BBAD7671E}.Debug|Any CPU.ActiveCfg = Debug|Any CPU
		{542AF22E-DF4A-41F4-A31A-028BBAD7671E}.Debug|Any CPU.Build.0 = Debug|Any CPU
		{542AF22E-DF4A-41F4-A31A-028BBAD7671E}.Debug|x64.ActiveCfg = Debug|x64
		{542AF22E-DF4A-41F4-A31A-028BBAD7671E}.Debug|x64.Build.0 = Debug|x64
		{542AF22E-DF4A-41F4-A31A-028BBAD7671E}.Release|Any CPU.ActiveCfg = Release|Any CPU
		{542AF22E-DF4A-41F4-A31A-028BBAD7671E}.Release|Any CPU.Build.0 = Release|Any CPU
		{542AF22E-DF4A-41F4-A31A-028BBAD7671E}.Release|x64.ActiveCfg = Release|x64
		{542AF22E-DF4A-41F4-A31A-028BBAD7671E}.Release|x64.Build.0 = Release|x64
		{6A521388-E0F8-46F1-A368-89F3940F579C}.Debug|Any CPU.ActiveCfg = Debug|Any CPU
		{6A521388-E0F8-46F1-A368-89F3940F579C}.Debug|Any CPU.Build.0 = Debug|Any CPU
		{6A521388-E0F8-46F1-A368-89F3940F579C}.Debug|x64.ActiveCfg = Debug|x64
		{6A521388-E0F8-46F1-A368-89F3940F579C}.Debug|x64.Build.0 = Debug|x64
		{6A521388-E0F8-46F1-A368-89F3940F579C}.Release|Any CPU.ActiveCfg = Release|Any CPU
		{6A521388-E0F8-46F1-A368-89F3940F579C}.Release|Any CPU.Build.0 = Release|Any CPU
		{6A521388-E0F8-46F1-A368-89F3940F579C}.Release|x64.ActiveCfg = Release|x64
		{6A521388-E0F8-46F1-A368-89F3940F579C}.Release|x64.Build.0 = Release|x64
	EndGlobalSection
	GlobalSection(SolutionProperties) = preSolution
		HideSolutionNode = FALSE
	EndGlobalSection
	GlobalSection(ExtensibilityGlobals) = postSolution
		SolutionGuid = {CF79EC05-E31E-4621-B2DD-E5BED5BFAEDB}
	EndGlobalSection
EndGlobal
