
Microsoft Visual Studio Solution File, Format Version 12.00
# Visual Studio Version 16
VisualStudioVersion = 16.0.31019.35
MinimumVisualStudioVersion = 10.0.40219.1
Project("{9A19103F-16F7-4668-BE54-9A1E7A4F7556}") = "Reusable.DataModels", "Reusable.DataModels\Reusable.DataModels.csproj", "{172ED8E7-BC72-4E3F-940A-469BDBC0E292}"
EndProject
Project("{9A19103F-16F7-4668-BE54-9A1E7A4F7556}") = "Reusable.DataModels.UnitTests", "Reusable.DataModels.UnitTests\Reusable.DataModels.UnitTests.csproj", "{673A854E-3618-4A2B-94ED-CDE5E17EE0D7}"
EndProject
Project("{2150E333-8FDC-42A3-9474-1A3956D46DE8}") = "Solution Items", "Solution Items", "{FE52B68D-75D9-478A-8585-3211C04AB3D0}"
	ProjectSection(SolutionItems) = preProject
		azure-pipelines.yml = azure-pipelines.yml
		README.md = README.md
	EndProjectSection
EndProject
Project("{9A19103F-16F7-4668-BE54-9A1E7A4F7556}") = "Reusable.Utils", "Reusable.Utils\Reusable.Utils.csproj", "{B9322E68-4420-4C9B-8C8A-8715A8ED65ED}"
EndProject
Project("{9A19103F-16F7-4668-BE54-9A1E7A4F7556}") = "Reusable.Utils.UnitTests", "Reusable.Utils.UnitTests\Reusable.Utils.UnitTests.csproj", "{81F080A5-A85F-4FBA-83B5-493903D237DB}"
EndProject
Project("{9A19103F-16F7-4668-BE54-9A1E7A4F7556}") = "Reusable.WebAccess", "Reusable.WebAccess\Reusable.WebAccess.csproj", "{91588964-F6A8-44AC-88B7-CE8DAC80CFA4}"
EndProject
Project("{9A19103F-16F7-4668-BE54-9A1E7A4F7556}") = "Reusable.WebAccess.UnitTests", "Reusable.WebAccess.UnitTests\Reusable.WebAccess.UnitTests.csproj", "{BA6785C8-1CD8-46E8-9996-7B88E726446C}"
EndProject
Project("{9A19103F-16F7-4668-BE54-9A1E7A4F7556}") = "Reusable.DataAccess.Cosmos", "Reusable.DataAccess.Cosmos\Reusable.DataAccess.Cosmos.csproj", "{EFADB17A-C5C8-4539-A428-99030F065FB0}"
EndProject
Project("{9A19103F-16F7-4668-BE54-9A1E7A4F7556}") = "Reusable.DataAccess.Common", "Reusable.DataAccess.Common\Reusable.DataAccess.Common.csproj", "{B16CC6F1-9AF7-4329-A3A7-C6870EC351DD}"
EndProject
Project("{9A19103F-16F7-4668-BE54-9A1E7A4F7556}") = "Reusable.DataAccess.Cosmos.IntegrationTests", "Reusable.DataAccess.Cosmos.IntegrationTests\Reusable.DataAccess.Cosmos.IntegrationTests.csproj", "{81163AF2-A8B5-4A9D-B9BD-526EB25324BE}"
EndProject
Project("{9A19103F-16F7-4668-BE54-9A1E7A4F7556}") = "Reusable.DataAccess.Sqlite", "Reusable.DataAccess.Sqlite\Reusable.DataAccess.Sqlite.csproj", "{FC8CE196-2CD2-42D2-AE7C-D97519BD96F7}"
EndProject
Project("{9A19103F-16F7-4668-BE54-9A1E7A4F7556}") = "Reusable.DataAccess.Sqlite.IntegrationTests", "Reusable.DataAccess.Sqlite.IntegrationTests\Reusable.DataAccess.Sqlite.IntegrationTests.csproj", "{744E5D96-7F49-4097-84BE-60DCAE73FE91}"
EndProject
Project("{9A19103F-16F7-4668-BE54-9A1E7A4F7556}") = "Reusable.Utils.NLog", "Reusable.Utils.NLog\Reusable.Utils.NLog.csproj", "{F0544A90-4A11-4636-B92A-E9F9CB94330A}"
EndProject
Global
	GlobalSection(SolutionConfigurationPlatforms) = preSolution
		Debug|Any CPU = Debug|Any CPU
		Release|Any CPU = Release|Any CPU
	EndGlobalSection
	GlobalSection(ProjectConfigurationPlatforms) = postSolution
		{172ED8E7-BC72-4E3F-940A-469BDBC0E292}.Debug|Any CPU.ActiveCfg = Debug|Any CPU
		{172ED8E7-BC72-4E3F-940A-469BDBC0E292}.Debug|Any CPU.Build.0 = Debug|Any CPU
		{172ED8E7-BC72-4E3F-940A-469BDBC0E292}.Release|Any CPU.ActiveCfg = Release|Any CPU
		{172ED8E7-BC72-4E3F-940A-469BDBC0E292}.Release|Any CPU.Build.0 = Release|Any CPU
		{673A854E-3618-4A2B-94ED-CDE5E17EE0D7}.Debug|Any CPU.ActiveCfg = Debug|Any CPU
		{673A854E-3618-4A2B-94ED-CDE5E17EE0D7}.Debug|Any CPU.Build.0 = Debug|Any CPU
		{673A854E-3618-4A2B-94ED-CDE5E17EE0D7}.Release|Any CPU.ActiveCfg = Release|Any CPU
		{673A854E-3618-4A2B-94ED-CDE5E17EE0D7}.Release|Any CPU.Build.0 = Release|Any CPU
		{B9322E68-4420-4C9B-8C8A-8715A8ED65ED}.Debug|Any CPU.ActiveCfg = Debug|Any CPU
		{B9322E68-4420-4C9B-8C8A-8715A8ED65ED}.Debug|Any CPU.Build.0 = Debug|Any CPU
		{B9322E68-4420-4C9B-8C8A-8715A8ED65ED}.Release|Any CPU.ActiveCfg = Release|Any CPU
		{B9322E68-4420-4C9B-8C8A-8715A8ED65ED}.Release|Any CPU.Build.0 = Release|Any CPU
		{81F080A5-A85F-4FBA-83B5-493903D237DB}.Debug|Any CPU.ActiveCfg = Debug|Any CPU
		{81F080A5-A85F-4FBA-83B5-493903D237DB}.Debug|Any CPU.Build.0 = Debug|Any CPU
		{81F080A5-A85F-4FBA-83B5-493903D237DB}.Release|Any CPU.ActiveCfg = Release|Any CPU
		{81F080A5-A85F-4FBA-83B5-493903D237DB}.Release|Any CPU.Build.0 = Release|Any CPU
		{91588964-F6A8-44AC-88B7-CE8DAC80CFA4}.Debug|Any CPU.ActiveCfg = Debug|Any CPU
		{91588964-F6A8-44AC-88B7-CE8DAC80CFA4}.Debug|Any CPU.Build.0 = Debug|Any CPU
		{91588964-F6A8-44AC-88B7-CE8DAC80CFA4}.Release|Any CPU.ActiveCfg = Release|Any CPU
		{91588964-F6A8-44AC-88B7-CE8DAC80CFA4}.Release|Any CPU.Build.0 = Release|Any CPU
		{BA6785C8-1CD8-46E8-9996-7B88E726446C}.Debug|Any CPU.ActiveCfg = Debug|Any CPU
		{BA6785C8-1CD8-46E8-9996-7B88E726446C}.Debug|Any CPU.Build.0 = Debug|Any CPU
		{BA6785C8-1CD8-46E8-9996-7B88E726446C}.Release|Any CPU.ActiveCfg = Release|Any CPU
		{BA6785C8-1CD8-46E8-9996-7B88E726446C}.Release|Any CPU.Build.0 = Release|Any CPU
		{EFADB17A-C5C8-4539-A428-99030F065FB0}.Debug|Any CPU.ActiveCfg = Debug|Any CPU
		{EFADB17A-C5C8-4539-A428-99030F065FB0}.Debug|Any CPU.Build.0 = Debug|Any CPU
		{EFADB17A-C5C8-4539-A428-99030F065FB0}.Release|Any CPU.ActiveCfg = Release|Any CPU
		{EFADB17A-C5C8-4539-A428-99030F065FB0}.Release|Any CPU.Build.0 = Release|Any CPU
		{B16CC6F1-9AF7-4329-A3A7-C6870EC351DD}.Debug|Any CPU.ActiveCfg = Debug|Any CPU
		{B16CC6F1-9AF7-4329-A3A7-C6870EC351DD}.Debug|Any CPU.Build.0 = Debug|Any CPU
		{B16CC6F1-9AF7-4329-A3A7-C6870EC351DD}.Release|Any CPU.ActiveCfg = Release|Any CPU
		{B16CC6F1-9AF7-4329-A3A7-C6870EC351DD}.Release|Any CPU.Build.0 = Release|Any CPU
		{81163AF2-A8B5-4A9D-B9BD-526EB25324BE}.Debug|Any CPU.ActiveCfg = Debug|Any CPU
		{81163AF2-A8B5-4A9D-B9BD-526EB25324BE}.Debug|Any CPU.Build.0 = Debug|Any CPU
		{81163AF2-A8B5-4A9D-B9BD-526EB25324BE}.Release|Any CPU.ActiveCfg = Release|Any CPU
		{81163AF2-A8B5-4A9D-B9BD-526EB25324BE}.Release|Any CPU.Build.0 = Release|Any CPU
		{FC8CE196-2CD2-42D2-AE7C-D97519BD96F7}.Debug|Any CPU.ActiveCfg = Debug|Any CPU
		{FC8CE196-2CD2-42D2-AE7C-D97519BD96F7}.Debug|Any CPU.Build.0 = Debug|Any CPU
		{FC8CE196-2CD2-42D2-AE7C-D97519BD96F7}.Release|Any CPU.ActiveCfg = Release|Any CPU
		{FC8CE196-2CD2-42D2-AE7C-D97519BD96F7}.Release|Any CPU.Build.0 = Release|Any CPU
		{744E5D96-7F49-4097-84BE-60DCAE73FE91}.Debug|Any CPU.ActiveCfg = Debug|Any CPU
		{744E5D96-7F49-4097-84BE-60DCAE73FE91}.Debug|Any CPU.Build.0 = Debug|Any CPU
		{744E5D96-7F49-4097-84BE-60DCAE73FE91}.Release|Any CPU.ActiveCfg = Release|Any CPU
		{744E5D96-7F49-4097-84BE-60DCAE73FE91}.Release|Any CPU.Build.0 = Release|Any CPU
		{F0544A90-4A11-4636-B92A-E9F9CB94330A}.Debug|Any CPU.ActiveCfg = Debug|Any CPU
		{F0544A90-4A11-4636-B92A-E9F9CB94330A}.Debug|Any CPU.Build.0 = Debug|Any CPU
		{F0544A90-4A11-4636-B92A-E9F9CB94330A}.Release|Any CPU.ActiveCfg = Release|Any CPU
		{F0544A90-4A11-4636-B92A-E9F9CB94330A}.Release|Any CPU.Build.0 = Release|Any CPU
	EndGlobalSection
	GlobalSection(SolutionProperties) = preSolution
		HideSolutionNode = FALSE
	EndGlobalSection
	GlobalSection(ExtensibilityGlobals) = postSolution
		SolutionGuid = {CF79EC05-E31E-4621-B2DD-E5BED5BFAEDB}
	EndGlobalSection
EndGlobal
